
Microsoft Visual Studio Solution File, Format Version 12.00
# Visual Studio Version 16
VisualStudioVersion = 16.0.29613.14
MinimumVisualStudioVersion = 10.0.40219.1
Project("{FAE04EC0-301F-11D3-BF4B-00C04F79EFBC}") = "ConsoleApp", "ConsoleApp\ConsoleApp.csproj", "{BB93ECC6-E7E4-4128-A436-55EF782E36FB}"
EndProject
Global
	GlobalSection(SolutionConfigurationPlatforms) = preSolution
		Debug|Any CPU = Debug|Any CPU
		Release|Any CPU = Release|Any CPU
	EndGlobalSection
	GlobalSection(ProjectConfigurationPlatforms) = postSolution
		{BB93ECC6-E7E4-4128-A436-55EF782E36FB}.Debug|Any CPU.ActiveCfg = Debug|Any CPU
		{BB93ECC6-E7E4-4128-A436-55EF782E36FB}.Debug|Any CPU.Build.0 = Debug|Any CPU
		{BB93ECC6-E7E4-4128-A436-55EF782E36FB}.Release|Any CPU.ActiveCfg = Release|Any CPU
		{BB93ECC6-E7E4-4128-A436-55EF782E36FB}.Release|Any CPU.Build.0 = Release|Any CPU
	EndGlobalSection
	GlobalSection(SolutionProperties) = preSolution
		HideSolutionNode = FALSE
	EndGlobalSection
	GlobalSection(ExtensibilityGlobals) = postSolution
		SolutionGuid = {40332DD2-D2ED-47D7-9E8E-1C4B3D4C5343}
	EndGlobalSection
EndGlobal
